
Microsoft Visual Studio Solution File, Format Version 12.00
# Visual Studio Version 17
VisualStudioVersion = 17.4.33205.214
MinimumVisualStudioVersion = 10.0.40219.1
Project("{F184B08F-C81C-45F6-A57F-5ABD9991F28F}") = "MovieMode", "MovieMode.vbproj", "{D705226E-F5EF-4808-B1BD-77D73E6212D5}"
EndProject
Global
	GlobalSection(SolutionConfigurationPlatforms) = preSolution
		Debug|Any CPU = Debug|Any CPU
		Release|Any CPU = Release|Any CPU
	EndGlobalSection
	GlobalSection(ProjectConfigurationPlatforms) = postSolution
		{D705226E-F5EF-4808-B1BD-77D73E6212D5}.Debug|Any CPU.ActiveCfg = Debug|Any CPU
		{D705226E-F5EF-4808-B1BD-77D73E6212D5}.Debug|Any CPU.Build.0 = Debug|Any CPU
		{D705226E-F5EF-4808-B1BD-77D73E6212D5}.Release|Any CPU.ActiveCfg = Release|Any CPU
		{D705226E-F5EF-4808-B1BD-77D73E6212D5}.Release|Any CPU.Build.0 = Release|Any CPU
	EndGlobalSection
	GlobalSection(SolutionProperties) = preSolution
		HideSolutionNode = FALSE
	EndGlobalSection
	GlobalSection(ExtensibilityGlobals) = postSolution
		SolutionGuid = {F5C8EA0E-CFB9-47DF-934B-65F731E0384E}
	EndGlobalSection
EndGlobal
